
Microsoft Visual Studio Solution File, Format Version 12.00
# Visual Studio Version 17
VisualStudioVersion = 17.9.34701.34
MinimumVisualStudioVersion = 10.0.40219.1
Project("{FAE04EC0-301F-11D3-BF4B-00C04F79EFBC}") = "Obobshenia5-sam2", "Obobshenia5-sam2.csproj", "{40C6C0AF-6D8B-4E02-AACA-47F53AEED30D}"
EndProject
Global
	GlobalSection(SolutionConfigurationPlatforms) = preSolution
		Debug|Any CPU = Debug|Any CPU
		Release|Any CPU = Release|Any CPU
	EndGlobalSection
	GlobalSection(ProjectConfigurationPlatforms) = postSolution
		{40C6C0AF-6D8B-4E02-AACA-47F53AEED30D}.Debug|Any CPU.ActiveCfg = Debug|Any CPU
		{40C6C0AF-6D8B-4E02-AACA-47F53AEED30D}.Debug|Any CPU.Build.0 = Debug|Any CPU
		{40C6C0AF-6D8B-4E02-AACA-47F53AEED30D}.Release|Any CPU.ActiveCfg = Release|Any CPU
		{40C6C0AF-6D8B-4E02-AACA-47F53AEED30D}.Release|Any CPU.Build.0 = Release|Any CPU
	EndGlobalSection
	GlobalSection(SolutionProperties) = preSolution
		HideSolutionNode = FALSE
	EndGlobalSection
	GlobalSection(ExtensibilityGlobals) = postSolution
		SolutionGuid = {1F647660-639B-48D7-9252-BC225349D38E}
	EndGlobalSection
EndGlobal
